// !$*UTF8*$!
{
	archiveVersion = 1;
	classes = {
	};
	objectVersion = 46;
	objects = {

/* Begin PBXBuildFile section */
		5604E26CBFA304D9124E7F8F /* Pods_StudyBuddyTests.framework in Frameworks */ = {isa = PBXBuildFile; fileRef = 69CBE8257C32E109A8733008 /* Pods_StudyBuddyTests.framework */; };
		64890AC5DBFF0073C457BEC2 /* Pods_StudyBuddy.framework in Frameworks */ = {isa = PBXBuildFile; fileRef = 41B8D2B168D634A7D2186850 /* Pods_StudyBuddy.framework */; };
		A0191F5BA9A127398E5D5CB2 /* Pods_StudyBuddyUITests.framework in Frameworks */ = {isa = PBXBuildFile; fileRef = 1756FF6C4205DBF4E8D968EB /* Pods_StudyBuddyUITests.framework */; };
		B9DC92661F6E109900150E05 /* invokeDynamoDb.swift in Sources */ = {isa = PBXBuildFile; fileRef = B9DC92651F6E109900150E05 /* invokeDynamoDb.swift */; };
		B9DC92691F6E11E000150E05 /* Events.swift in Sources */ = {isa = PBXBuildFile; fileRef = B9DC92671F6E11E000150E05 /* Events.swift */; };
		B9DC926A1F6E11E000150E05 /* UserList.swift in Sources */ = {isa = PBXBuildFile; fileRef = B9DC92681F6E11E000150E05 /* UserList.swift */; };
		B9DC926C1F6E123500150E05 /* SetEvent.swift in Sources */ = {isa = PBXBuildFile; fileRef = B9DC926B1F6E123500150E05 /* SetEvent.swift */; };
		B9EEA6021F6E07B90083A2F5 /* awsconfiguration.json in Resources */ = {isa = PBXBuildFile; fileRef = B9EEA6011F6E07B90083A2F5 /* awsconfiguration.json */; };
		FB2175A81F6DD5B0005C4004 /* AppDelegate.swift in Sources */ = {isa = PBXBuildFile; fileRef = FB2175A71F6DD5B0005C4004 /* AppDelegate.swift */; };
		FB2175AA1F6DD5B0005C4004 /* ViewController.swift in Sources */ = {isa = PBXBuildFile; fileRef = FB2175A91F6DD5B0005C4004 /* ViewController.swift */; };
		FB2175AD1F6DD5B0005C4004 /* Main.storyboard in Resources */ = {isa = PBXBuildFile; fileRef = FB2175AB1F6DD5B0005C4004 /* Main.storyboard */; };
		FB2175AF1F6DD5B0005C4004 /* Assets.xcassets in Resources */ = {isa = PBXBuildFile; fileRef = FB2175AE1F6DD5B0005C4004 /* Assets.xcassets */; };
		FB2175B21F6DD5B0005C4004 /* LaunchScreen.storyboard in Resources */ = {isa = PBXBuildFile; fileRef = FB2175B01F6DD5B0005C4004 /* LaunchScreen.storyboard */; };
		FB2175BD1F6DD5B0005C4004 /* StudyBuddyTests.swift in Sources */ = {isa = PBXBuildFile; fileRef = FB2175BC1F6DD5B0005C4004 /* StudyBuddyTests.swift */; };
		FB2175C81F6DD5B0005C4004 /* StudyBuddyUITests.swift in Sources */ = {isa = PBXBuildFile; fileRef = FB2175C71F6DD5B0005C4004 /* StudyBuddyUITests.swift */; };
/* End PBXBuildFile section */

/* Begin PBXContainerItemProxy section */
		FB2175B91F6DD5B0005C4004 /* PBXContainerItemProxy */ = {
			isa = PBXContainerItemProxy;
			containerPortal = FB21759C1F6DD5AF005C4004 /* Project object */;
			proxyType = 1;
			remoteGlobalIDString = FB2175A31F6DD5B0005C4004;
			remoteInfo = StudyBuddy;
		};
		FB2175C41F6DD5B0005C4004 /* PBXContainerItemProxy */ = {
			isa = PBXContainerItemProxy;
			containerPortal = FB21759C1F6DD5AF005C4004 /* Project object */;
			proxyType = 1;
			remoteGlobalIDString = FB2175A31F6DD5B0005C4004;
			remoteInfo = StudyBuddy;
		};
/* End PBXContainerItemProxy section */

/* Begin PBXFileReference section */
		1756FF6C4205DBF4E8D968EB /* Pods_StudyBuddyUITests.framework */ = {isa = PBXFileReference; explicitFileType = wrapper.framework; includeInIndex = 0; path = Pods_StudyBuddyUITests.framework; sourceTree = BUILT_PRODUCTS_DIR; };
		41B8D2B168D634A7D2186850 /* Pods_StudyBuddy.framework */ = {isa = PBXFileReference; explicitFileType = wrapper.framework; includeInIndex = 0; path = Pods_StudyBuddy.framework; sourceTree = BUILT_PRODUCTS_DIR; };
		69CBE8257C32E109A8733008 /* Pods_StudyBuddyTests.framework */ = {isa = PBXFileReference; explicitFileType = wrapper.framework; includeInIndex = 0; path = Pods_StudyBuddyTests.framework; sourceTree = BUILT_PRODUCTS_DIR; };
		77941D7CAB6665A252BA4774 /* Pods-StudyBuddyUITests.debug.xcconfig */ = {isa = PBXFileReference; includeInIndex = 1; lastKnownFileType = text.xcconfig; name = "Pods-StudyBuddyUITests.debug.xcconfig"; path = "Pods/Target Support Files/Pods-StudyBuddyUITests/Pods-StudyBuddyUITests.debug.xcconfig"; sourceTree = "<group>"; };
		AF596C758C422478E3EBA88D /* Pods-StudyBuddyTests.debug.xcconfig */ = {isa = PBXFileReference; includeInIndex = 1; lastKnownFileType = text.xcconfig; name = "Pods-StudyBuddyTests.debug.xcconfig"; path = "Pods/Target Support Files/Pods-StudyBuddyTests/Pods-StudyBuddyTests.debug.xcconfig"; sourceTree = "<group>"; };
		B86B585AE2D95D506326F3AC /* Pods-StudyBuddyUITests.release.xcconfig */ = {isa = PBXFileReference; includeInIndex = 1; lastKnownFileType = text.xcconfig; name = "Pods-StudyBuddyUITests.release.xcconfig"; path = "Pods/Target Support Files/Pods-StudyBuddyUITests/Pods-StudyBuddyUITests.release.xcconfig"; sourceTree = "<group>"; };
		B9DC92651F6E109900150E05 /* invokeDynamoDb.swift */ = {isa = PBXFileReference; fileEncoding = 4; lastKnownFileType = sourcecode.swift; path = invokeDynamoDb.swift; sourceTree = "<group>"; };
		B9DC92671F6E11E000150E05 /* Events.swift */ = {isa = PBXFileReference; fileEncoding = 4; lastKnownFileType = sourcecode.swift; path = Events.swift; sourceTree = "<group>"; };
		B9DC92681F6E11E000150E05 /* UserList.swift */ = {isa = PBXFileReference; fileEncoding = 4; lastKnownFileType = sourcecode.swift; path = UserList.swift; sourceTree = "<group>"; };
		B9DC926B1F6E123500150E05 /* SetEvent.swift */ = {isa = PBXFileReference; fileEncoding = 4; lastKnownFileType = sourcecode.swift; path = SetEvent.swift; sourceTree = "<group>"; };
		B9EEA6011F6E07B90083A2F5 /* awsconfiguration.json */ = {isa = PBXFileReference; fileEncoding = 4; lastKnownFileType = text.json; path = awsconfiguration.json; sourceTree = "<group>"; };
		C240DFE05F17D64F79A4200C /* Pods-StudyBuddy.debug.xcconfig */ = {isa = PBXFileReference; includeInIndex = 1; lastKnownFileType = text.xcconfig; name = "Pods-StudyBuddy.debug.xcconfig"; path = "Pods/Target Support Files/Pods-StudyBuddy/Pods-StudyBuddy.debug.xcconfig"; sourceTree = "<group>"; };
		D4494ED985E78E9ACE7078DE /* Pods-StudyBuddyTests.release.xcconfig */ = {isa = PBXFileReference; includeInIndex = 1; lastKnownFileType = text.xcconfig; name = "Pods-StudyBuddyTests.release.xcconfig"; path = "Pods/Target Support Files/Pods-StudyBuddyTests/Pods-StudyBuddyTests.release.xcconfig"; sourceTree = "<group>"; };
		FB2175A41F6DD5B0005C4004 /* StudyBuddy.app */ = {isa = PBXFileReference; explicitFileType = wrapper.application; includeInIndex = 0; path = StudyBuddy.app; sourceTree = BUILT_PRODUCTS_DIR; };
		FB2175A71F6DD5B0005C4004 /* AppDelegate.swift */ = {isa = PBXFileReference; lastKnownFileType = sourcecode.swift; path = AppDelegate.swift; sourceTree = "<group>"; };
		FB2175A91F6DD5B0005C4004 /* ViewController.swift */ = {isa = PBXFileReference; lastKnownFileType = sourcecode.swift; path = ViewController.swift; sourceTree = "<group>"; };
		FB2175AC1F6DD5B0005C4004 /* Base */ = {isa = PBXFileReference; lastKnownFileType = file.storyboard; name = Base; path = Base.lproj/Main.storyboard; sourceTree = "<group>"; };
		FB2175AE1F6DD5B0005C4004 /* Assets.xcassets */ = {isa = PBXFileReference; lastKnownFileType = folder.assetcatalog; path = Assets.xcassets; sourceTree = "<group>"; };
		FB2175B11F6DD5B0005C4004 /* Base */ = {isa = PBXFileReference; lastKnownFileType = file.storyboard; name = Base; path = Base.lproj/LaunchScreen.storyboard; sourceTree = "<group>"; };
		FB2175B31F6DD5B0005C4004 /* Info.plist */ = {isa = PBXFileReference; lastKnownFileType = text.plist.xml; path = Info.plist; sourceTree = "<group>"; };
		FB2175B81F6DD5B0005C4004 /* StudyBuddyTests.xctest */ = {isa = PBXFileReference; explicitFileType = wrapper.cfbundle; includeInIndex = 0; path = StudyBuddyTests.xctest; sourceTree = BUILT_PRODUCTS_DIR; };
		FB2175BC1F6DD5B0005C4004 /* StudyBuddyTests.swift */ = {isa = PBXFileReference; lastKnownFileType = sourcecode.swift; path = StudyBuddyTests.swift; sourceTree = "<group>"; };
		FB2175BE1F6DD5B0005C4004 /* Info.plist */ = {isa = PBXFileReference; lastKnownFileType = text.plist.xml; path = Info.plist; sourceTree = "<group>"; };
		FB2175C31F6DD5B0005C4004 /* StudyBuddyUITests.xctest */ = {isa = PBXFileReference; explicitFileType = wrapper.cfbundle; includeInIndex = 0; path = StudyBuddyUITests.xctest; sourceTree = BUILT_PRODUCTS_DIR; };
		FB2175C71F6DD5B0005C4004 /* StudyBuddyUITests.swift */ = {isa = PBXFileReference; lastKnownFileType = sourcecode.swift; path = StudyBuddyUITests.swift; sourceTree = "<group>"; };
		FB2175C91F6DD5B0005C4004 /* Info.plist */ = {isa = PBXFileReference; lastKnownFileType = text.plist.xml; path = Info.plist; sourceTree = "<group>"; };
		FBE73B52A2164FD73F96DB18 /* Pods-StudyBuddy.release.xcconfig */ = {isa = PBXFileReference; includeInIndex = 1; lastKnownFileType = text.xcconfig; name = "Pods-StudyBuddy.release.xcconfig"; path = "Pods/Target Support Files/Pods-StudyBuddy/Pods-StudyBuddy.release.xcconfig"; sourceTree = "<group>"; };
/* End PBXFileReference section */

/* Begin PBXFrameworksBuildPhase section */
		FB2175A11F6DD5B0005C4004 /* Frameworks */ = {
			isa = PBXFrameworksBuildPhase;
			buildActionMask = 2147483647;
			files = (
				64890AC5DBFF0073C457BEC2 /* Pods_StudyBuddy.framework in Frameworks */,
			);
			runOnlyForDeploymentPostprocessing = 0;
		};
		FB2175B51F6DD5B0005C4004 /* Frameworks */ = {
			isa = PBXFrameworksBuildPhase;
			buildActionMask = 2147483647;
			files = (
				5604E26CBFA304D9124E7F8F /* Pods_StudyBuddyTests.framework in Frameworks */,
			);
			runOnlyForDeploymentPostprocessing = 0;
		};
		FB2175C01F6DD5B0005C4004 /* Frameworks */ = {
			isa = PBXFrameworksBuildPhase;
			buildActionMask = 2147483647;
			files = (
				A0191F5BA9A127398E5D5CB2 /* Pods_StudyBuddyUITests.framework in Frameworks */,
			);
			runOnlyForDeploymentPostprocessing = 0;
		};
/* End PBXFrameworksBuildPhase section */

/* Begin PBXGroup section */
		72A72C90E0EABC39546F045B /* Pods */ = {
			isa = PBXGroup;
			children = (
				C240DFE05F17D64F79A4200C /* Pods-StudyBuddy.debug.xcconfig */,
				FBE73B52A2164FD73F96DB18 /* Pods-StudyBuddy.release.xcconfig */,
				AF596C758C422478E3EBA88D /* Pods-StudyBuddyTests.debug.xcconfig */,
				D4494ED985E78E9ACE7078DE /* Pods-StudyBuddyTests.release.xcconfig */,
				77941D7CAB6665A252BA4774 /* Pods-StudyBuddyUITests.debug.xcconfig */,
				B86B585AE2D95D506326F3AC /* Pods-StudyBuddyUITests.release.xcconfig */,
			);
			name = Pods;
			sourceTree = "<group>";
		};
		D4882C323D49052345EE8FF5 /* Frameworks */ = {
			isa = PBXGroup;
			children = (
				41B8D2B168D634A7D2186850 /* Pods_StudyBuddy.framework */,
				69CBE8257C32E109A8733008 /* Pods_StudyBuddyTests.framework */,
				1756FF6C4205DBF4E8D968EB /* Pods_StudyBuddyUITests.framework */,
			);
			name = Frameworks;
			sourceTree = "<group>";
		};
		FB21759B1F6DD5AF005C4004 = {
			isa = PBXGroup;
			children = (
				FB2175A61F6DD5B0005C4004 /* StudyBuddy */,
				FB2175BB1F6DD5B0005C4004 /* StudyBuddyTests */,
				FB2175C61F6DD5B0005C4004 /* StudyBuddyUITests */,
				FB2175A51F6DD5B0005C4004 /* Products */,
				72A72C90E0EABC39546F045B /* Pods */,
				D4882C323D49052345EE8FF5 /* Frameworks */,
			);
			sourceTree = "<group>";
		};
		FB2175A51F6DD5B0005C4004 /* Products */ = {
			isa = PBXGroup;
			children = (
				FB2175A41F6DD5B0005C4004 /* StudyBuddy.app */,
				FB2175B81F6DD5B0005C4004 /* StudyBuddyTests.xctest */,
				FB2175C31F6DD5B0005C4004 /* StudyBuddyUITests.xctest */,
			);
			name = Products;
			sourceTree = "<group>";
		};
		FB2175A61F6DD5B0005C4004 /* StudyBuddy */ = {
			isa = PBXGroup;
			children = (
				FB2175A71F6DD5B0005C4004 /* AppDelegate.swift */,
				B9DC926B1F6E123500150E05 /* SetEvent.swift */,
				B9DC92671F6E11E000150E05 /* Events.swift */,
				B9DC92681F6E11E000150E05 /* UserList.swift */,
				FB2175A91F6DD5B0005C4004 /* ViewController.swift */,
				FB2175AB1F6DD5B0005C4004 /* Main.storyboard */,
				FB2175AE1F6DD5B0005C4004 /* Assets.xcassets */,
				FB2175B01F6DD5B0005C4004 /* LaunchScreen.storyboard */,
				FB2175B31F6DD5B0005C4004 /* Info.plist */,
				B9EEA6011F6E07B90083A2F5 /* awsconfiguration.json */,
				B9DC92651F6E109900150E05 /* invokeDynamoDb.swift */,
			);
			path = StudyBuddy;
			sourceTree = "<group>";
		};
		FB2175BB1F6DD5B0005C4004 /* StudyBuddyTests */ = {
			isa = PBXGroup;
			children = (
				FB2175BC1F6DD5B0005C4004 /* StudyBuddyTests.swift */,
				FB2175BE1F6DD5B0005C4004 /* Info.plist */,
			);
			path = StudyBuddyTests;
			sourceTree = "<group>";
		};
		FB2175C61F6DD5B0005C4004 /* StudyBuddyUITests */ = {
			isa = PBXGroup;
			children = (
				FB2175C71F6DD5B0005C4004 /* StudyBuddyUITests.swift */,
				FB2175C91F6DD5B0005C4004 /* Info.plist */,
			);
			path = StudyBuddyUITests;
			sourceTree = "<group>";
		};
/* End PBXGroup section */

/* Begin PBXNativeTarget section */
		FB2175A31F6DD5B0005C4004 /* StudyBuddy */ = {
			isa = PBXNativeTarget;
			buildConfigurationList = FB2175CC1F6DD5B0005C4004 /* Build configuration list for PBXNativeTarget "StudyBuddy" */;
			buildPhases = (
				1ED3EB3578CF8182A848E345 /* [CP] Check Pods Manifest.lock */,
				FB2175A01F6DD5B0005C4004 /* Sources */,
				FB2175A11F6DD5B0005C4004 /* Frameworks */,
				FB2175A21F6DD5B0005C4004 /* Resources */,
				38522B78F0C6955F9B418EDB /* [CP] Embed Pods Frameworks */,
				E5FDFBA09587F94A5775702E /* [CP] Copy Pods Resources */,
			);
			buildRules = (
			);
			dependencies = (
			);
			name = StudyBuddy;
			productName = StudyBuddy;
			productReference = FB2175A41F6DD5B0005C4004 /* StudyBuddy.app */;
			productType = "com.apple.product-type.application";
		};
		FB2175B71F6DD5B0005C4004 /* StudyBuddyTests */ = {
			isa = PBXNativeTarget;
			buildConfigurationList = FB2175CF1F6DD5B0005C4004 /* Build configuration list for PBXNativeTarget "StudyBuddyTests" */;
			buildPhases = (
				4192F9A17A7A8E4437548919 /* [CP] Check Pods Manifest.lock */,
				FB2175B41F6DD5B0005C4004 /* Sources */,
				FB2175B51F6DD5B0005C4004 /* Frameworks */,
				FB2175B61F6DD5B0005C4004 /* Resources */,
				FEFBB107A95E9BDBA5707683 /* [CP] Embed Pods Frameworks */,
				D25DFFDF4A2EA45E406C5570 /* [CP] Copy Pods Resources */,
			);
			buildRules = (
			);
			dependencies = (
				FB2175BA1F6DD5B0005C4004 /* PBXTargetDependency */,
			);
			name = StudyBuddyTests;
			productName = StudyBuddyTests;
			productReference = FB2175B81F6DD5B0005C4004 /* StudyBuddyTests.xctest */;
			productType = "com.apple.product-type.bundle.unit-test";
		};
		FB2175C21F6DD5B0005C4004 /* StudyBuddyUITests */ = {
			isa = PBXNativeTarget;
			buildConfigurationList = FB2175D21F6DD5B0005C4004 /* Build configuration list for PBXNativeTarget "StudyBuddyUITests" */;
			buildPhases = (
				F0B93D27BDA31DFF5C9CB511 /* [CP] Check Pods Manifest.lock */,
				FB2175BF1F6DD5B0005C4004 /* Sources */,
				FB2175C01F6DD5B0005C4004 /* Frameworks */,
				FB2175C11F6DD5B0005C4004 /* Resources */,
				2B8CD8C2A35B7D7C0AEEC047 /* [CP] Embed Pods Frameworks */,
				6AC2051B46E5567B2C060639 /* [CP] Copy Pods Resources */,
			);
			buildRules = (
			);
			dependencies = (
				FB2175C51F6DD5B0005C4004 /* PBXTargetDependency */,
			);
			name = StudyBuddyUITests;
			productName = StudyBuddyUITests;
			productReference = FB2175C31F6DD5B0005C4004 /* StudyBuddyUITests.xctest */;
			productType = "com.apple.product-type.bundle.ui-testing";
		};
/* End PBXNativeTarget section */

/* Begin PBXProject section */
		FB21759C1F6DD5AF005C4004 /* Project object */ = {
			isa = PBXProject;
			attributes = {
				LastSwiftUpdateCheck = 0830;
				LastUpgradeCheck = 0830;
				ORGANIZATIONNAME = "Jesse Phillips";
				TargetAttributes = {
					FB2175A31F6DD5B0005C4004 = {
						CreatedOnToolsVersion = 8.3.3;
						DevelopmentTeam = 87546R78Z2;
						ProvisioningStyle = Automatic;
					};
					FB2175B71F6DD5B0005C4004 = {
						CreatedOnToolsVersion = 8.3.3;
						DevelopmentTeam = 87546R78Z2;
						ProvisioningStyle = Automatic;
						TestTargetID = FB2175A31F6DD5B0005C4004;
					};
					FB2175C21F6DD5B0005C4004 = {
						CreatedOnToolsVersion = 8.3.3;
						DevelopmentTeam = 87546R78Z2;
						ProvisioningStyle = Automatic;
						TestTargetID = FB2175A31F6DD5B0005C4004;
					};
				};
			};
			buildConfigurationList = FB21759F1F6DD5AF005C4004 /* Build configuration list for PBXProject "StudyBuddy" */;
			compatibilityVersion = "Xcode 3.2";
			developmentRegion = English;
			hasScannedForEncodings = 0;
			knownRegions = (
				en,
				Base,
			);
			mainGroup = FB21759B1F6DD5AF005C4004;
			productRefGroup = FB2175A51F6DD5B0005C4004 /* Products */;
			projectDirPath = "";
			projectRoot = "";
			targets = (
				FB2175A31F6DD5B0005C4004 /* StudyBuddy */,
				FB2175B71F6DD5B0005C4004 /* StudyBuddyTests */,
				FB2175C21F6DD5B0005C4004 /* StudyBuddyUITests */,
			);
		};
/* End PBXProject section */

/* Begin PBXResourcesBuildPhase section */
		FB2175A21F6DD5B0005C4004 /* Resources */ = {
			isa = PBXResourcesBuildPhase;
			buildActionMask = 2147483647;
			files = (
				B9EEA6021F6E07B90083A2F5 /* awsconfiguration.json in Resources */,
				FB2175B21F6DD5B0005C4004 /* LaunchScreen.storyboard in Resources */,
				FB2175AF1F6DD5B0005C4004 /* Assets.xcassets in Resources */,
				FB2175AD1F6DD5B0005C4004 /* Main.storyboard in Resources */,
			);
			runOnlyForDeploymentPostprocessing = 0;
		};
		FB2175B61F6DD5B0005C4004 /* Resources */ = {
			isa = PBXResourcesBuildPhase;
			buildActionMask = 2147483647;
			files = (
			);
			runOnlyForDeploymentPostprocessing = 0;
		};
		FB2175C11F6DD5B0005C4004 /* Resources */ = {
			isa = PBXResourcesBuildPhase;
			buildActionMask = 2147483647;
			files = (
			);
			runOnlyForDeploymentPostprocessing = 0;
		};
/* End PBXResourcesBuildPhase section */

/* Begin PBXShellScriptBuildPhase section */
		1ED3EB3578CF8182A848E345 /* [CP] Check Pods Manifest.lock */ = {
			isa = PBXShellScriptBuildPhase;
			buildActionMask = 2147483647;
			files = (
			);
			inputPaths = (
				"${PODS_PODFILE_DIR_PATH}/Podfile.lock",
				"${PODS_ROOT}/Manifest.lock",
			);
			name = "[CP] Check Pods Manifest.lock";
			outputPaths = (
				"$(DERIVED_FILE_DIR)/Pods-StudyBuddy-checkManifestLockResult.txt",
			);
			runOnlyForDeploymentPostprocessing = 0;
			shellPath = /bin/sh;
			shellScript = "diff \"${PODS_PODFILE_DIR_PATH}/Podfile.lock\" \"${PODS_ROOT}/Manifest.lock\" > /dev/null\nif [ $? != 0 ] ; then\n    # print error to STDERR\n    echo \"error: The sandbox is not in sync with the Podfile.lock. Run 'pod install' or update your CocoaPods installation.\" >&2\n    exit 1\nfi\n# This output is used by Xcode 'outputs' to avoid re-running this script phase.\necho \"SUCCESS\" > \"${SCRIPT_OUTPUT_FILE_0}\"\n";
			showEnvVarsInLog = 0;
		};
		2B8CD8C2A35B7D7C0AEEC047 /* [CP] Embed Pods Frameworks */ = {
			isa = PBXShellScriptBuildPhase;
			buildActionMask = 2147483647;
			files = (
			);
			inputPaths = (
			);
			name = "[CP] Embed Pods Frameworks";
			outputPaths = (
			);
			runOnlyForDeploymentPostprocessing = 0;
			shellPath = /bin/sh;
			shellScript = "\"${SRCROOT}/Pods/Target Support Files/Pods-StudyBuddyUITests/Pods-StudyBuddyUITests-frameworks.sh\"\n";
			showEnvVarsInLog = 0;
		};
		38522B78F0C6955F9B418EDB /* [CP] Embed Pods Frameworks */ = {
			isa = PBXShellScriptBuildPhase;
			buildActionMask = 2147483647;
			files = (
			);
			inputPaths = (
				"${SRCROOT}/Pods/Target Support Files/Pods-StudyBuddy/Pods-StudyBuddy-frameworks.sh",
				"${BUILT_PRODUCTS_DIR}/AWSAuthCore/AWSAuthCore.framework",
				"${BUILT_PRODUCTS_DIR}/AWSCore/AWSCore.framework",
				"${BUILT_PRODUCTS_DIR}/AWSDynamoDB/AWSDynamoDB.framework",
			);
			name = "[CP] Embed Pods Frameworks";
			outputPaths = (
				"${TARGET_BUILD_DIR}/${FRAMEWORKS_FOLDER_PATH}/AWSAuthCore.framework",
				"${TARGET_BUILD_DIR}/${FRAMEWORKS_FOLDER_PATH}/AWSCore.framework",
				"${TARGET_BUILD_DIR}/${FRAMEWORKS_FOLDER_PATH}/AWSDynamoDB.framework",
			);
			runOnlyForDeploymentPostprocessing = 0;
			shellPath = /bin/sh;
			shellScript = "\"${SRCROOT}/Pods/Target Support Files/Pods-StudyBuddy/Pods-StudyBuddy-frameworks.sh\"\n";
			showEnvVarsInLog = 0;
		};
		4192F9A17A7A8E4437548919 /* [CP] Check Pods Manifest.lock */ = {
			isa = PBXShellScriptBuildPhase;
			buildActionMask = 2147483647;
			files = (
			);
			inputPaths = (
				"${PODS_PODFILE_DIR_PATH}/Podfile.lock",
				"${PODS_ROOT}/Manifest.lock",
			);
			name = "[CP] Check Pods Manifest.lock";
			outputPaths = (
				"$(DERIVED_FILE_DIR)/Pods-StudyBuddyTests-checkManifestLockResult.txt",
			);
			runOnlyForDeploymentPostprocessing = 0;
			shellPath = /bin/sh;
			shellScript = "diff \"${PODS_PODFILE_DIR_PATH}/Podfile.lock\" \"${PODS_ROOT}/Manifest.lock\" > /dev/null\nif [ $? != 0 ] ; then\n    # print error to STDERR\n    echo \"error: The sandbox is not in sync with the Podfile.lock. Run 'pod install' or update your CocoaPods installation.\" >&2\n    exit 1\nfi\n# This output is used by Xcode 'outputs' to avoid re-running this script phase.\necho \"SUCCESS\" > \"${SCRIPT_OUTPUT_FILE_0}\"\n";
			showEnvVarsInLog = 0;
		};
		6AC2051B46E5567B2C060639 /* [CP] Copy Pods Resources */ = {
			isa = PBXShellScriptBuildPhase;
			buildActionMask = 2147483647;
			files = (
			);
			inputPaths = (
			);
			name = "[CP] Copy Pods Resources";
			outputPaths = (
			);
			runOnlyForDeploymentPostprocessing = 0;
			shellPath = /bin/sh;
			shellScript = "\"${SRCROOT}/Pods/Target Support Files/Pods-StudyBuddyUITests/Pods-StudyBuddyUITests-resources.sh\"\n";
			showEnvVarsInLog = 0;
		};
		D25DFFDF4A2EA45E406C5570 /* [CP] Copy Pods Resources */ = {
			isa = PBXShellScriptBuildPhase;
			buildActionMask = 2147483647;
			files = (
			);
			inputPaths = (
			);
			name = "[CP] Copy Pods Resources";
			outputPaths = (
			);
			runOnlyForDeploymentPostprocessing = 0;
			shellPath = /bin/sh;
			shellScript = "\"${SRCROOT}/Pods/Target Support Files/Pods-StudyBuddyTests/Pods-StudyBuddyTests-resources.sh\"\n";
			showEnvVarsInLog = 0;
		};
		E5FDFBA09587F94A5775702E /* [CP] Copy Pods Resources */ = {
			isa = PBXShellScriptBuildPhase;
			buildActionMask = 2147483647;
			files = (
			);
			inputPaths = (
			);
			name = "[CP] Copy Pods Resources";
			outputPaths = (
			);
			runOnlyForDeploymentPostprocessing = 0;
			shellPath = /bin/sh;
			shellScript = "\"${SRCROOT}/Pods/Target Support Files/Pods-StudyBuddy/Pods-StudyBuddy-resources.sh\"\n";
			showEnvVarsInLog = 0;
		};
		F0B93D27BDA31DFF5C9CB511 /* [CP] Check Pods Manifest.lock */ = {
			isa = PBXShellScriptBuildPhase;
			buildActionMask = 2147483647;
			files = (
			);
			inputPaths = (
				"${PODS_PODFILE_DIR_PATH}/Podfile.lock",
				"${PODS_ROOT}/Manifest.lock",
			);
			name = "[CP] Check Pods Manifest.lock";
			outputPaths = (
				"$(DERIVED_FILE_DIR)/Pods-StudyBuddyUITests-checkManifestLockResult.txt",
			);
			runOnlyForDeploymentPostprocessing = 0;
			shellPath = /bin/sh;
			shellScript = "diff \"${PODS_PODFILE_DIR_PATH}/Podfile.lock\" \"${PODS_ROOT}/Manifest.lock\" > /dev/null\nif [ $? != 0 ] ; then\n    # print error to STDERR\n    echo \"error: The sandbox is not in sync with the Podfile.lock. Run 'pod install' or update your CocoaPods installation.\" >&2\n    exit 1\nfi\n# This output is used by Xcode 'outputs' to avoid re-running this script phase.\necho \"SUCCESS\" > \"${SCRIPT_OUTPUT_FILE_0}\"\n";
			showEnvVarsInLog = 0;
		};
		FEFBB107A95E9BDBA5707683 /* [CP] Embed Pods Frameworks */ = {
			isa = PBXShellScriptBuildPhase;
			buildActionMask = 2147483647;
			files = (
			);
			inputPaths = (
			);
			name = "[CP] Embed Pods Frameworks";
			outputPaths = (
			);
			runOnlyForDeploymentPostprocessing = 0;
			shellPath = /bin/sh;
			shellScript = "\"${SRCROOT}/Pods/Target Support Files/Pods-StudyBuddyTests/Pods-StudyBuddyTests-frameworks.sh\"\n";
			showEnvVarsInLog = 0;
		};
/* End PBXShellScriptBuildPhase section */

/* Begin PBXSourcesBuildPhase section */
		FB2175A01F6DD5B0005C4004 /* Sources */ = {
			isa = PBXSourcesBuildPhase;
			buildActionMask = 2147483647;
			files = (
				B9DC926C1F6E123500150E05 /* SetEvent.swift in Sources */,
				B9DC926A1F6E11E000150E05 /* UserList.swift in Sources */,
				B9DC92691F6E11E000150E05 /* Events.swift in Sources */,
				B9DC92661F6E109900150E05 /* invokeDynamoDb.swift in Sources */,
				FB2175AA1F6DD5B0005C4004 /* ViewController.swift in Sources */,
				FB2175A81F6DD5B0005C4004 /* AppDelegate.swift in Sources */,
			);
			runOnlyForDeploymentPostprocessing = 0;
		};
		FB2175B41F6DD5B0005C4004 /* Sources */ = {
			isa = PBXSourcesBuildPhase;
			buildActionMask = 2147483647;
			files = (
				FB2175BD1F6DD5B0005C4004 /* StudyBuddyTests.swift in Sources */,
			);
			runOnlyForDeploymentPostprocessing = 0;
		};
		FB2175BF1F6DD5B0005C4004 /* Sources */ = {
			isa = PBXSourcesBuildPhase;
			buildActionMask = 2147483647;
			files = (
				FB2175C81F6DD5B0005C4004 /* StudyBuddyUITests.swift in Sources */,
			);
			runOnlyForDeploymentPostprocessing = 0;
		};
/* End PBXSourcesBuildPhase section */

/* Begin PBXTargetDependency section */
		FB2175BA1F6DD5B0005C4004 /* PBXTargetDependency */ = {
			isa = PBXTargetDependency;
			target = FB2175A31F6DD5B0005C4004 /* StudyBuddy */;
			targetProxy = FB2175B91F6DD5B0005C4004 /* PBXContainerItemProxy */;
		};
		FB2175C51F6DD5B0005C4004 /* PBXTargetDependency */ = {
			isa = PBXTargetDependency;
			target = FB2175A31F6DD5B0005C4004 /* StudyBuddy */;
			targetProxy = FB2175C41F6DD5B0005C4004 /* PBXContainerItemProxy */;
		};
/* End PBXTargetDependency section */

/* Begin PBXVariantGroup section */
		FB2175AB1F6DD5B0005C4004 /* Main.storyboard */ = {
			isa = PBXVariantGroup;
			children = (
				FB2175AC1F6DD5B0005C4004 /* Base */,
			);
			name = Main.storyboard;
			sourceTree = "<group>";
		};
		FB2175B01F6DD5B0005C4004 /* LaunchScreen.storyboard */ = {
			isa = PBXVariantGroup;
			children = (
				FB2175B11F6DD5B0005C4004 /* Base */,
			);
			name = LaunchScreen.storyboard;
			sourceTree = "<group>";
		};
/* End PBXVariantGroup section */

/* Begin XCBuildConfiguration section */
		FB2175CA1F6DD5B0005C4004 /* Debug */ = {
			isa = XCBuildConfiguration;
			buildSettings = {
				ALWAYS_SEARCH_USER_PATHS = NO;
				CLANG_ANALYZER_NONNULL = YES;
				CLANG_ANALYZER_NUMBER_OBJECT_CONVERSION = YES_AGGRESSIVE;
				CLANG_CXX_LANGUAGE_STANDARD = "gnu++0x";
				CLANG_CXX_LIBRARY = "libc++";
				CLANG_ENABLE_MODULES = YES;
				CLANG_ENABLE_OBJC_ARC = YES;
				CLANG_WARN_BOOL_CONVERSION = YES;
				CLANG_WARN_CONSTANT_CONVERSION = YES;
				CLANG_WARN_DIRECT_OBJC_ISA_USAGE = YES_ERROR;
				CLANG_WARN_DOCUMENTATION_COMMENTS = YES;
				CLANG_WARN_EMPTY_BODY = YES;
				CLANG_WARN_ENUM_CONVERSION = YES;
				CLANG_WARN_INFINITE_RECURSION = YES;
				CLANG_WARN_INT_CONVERSION = YES;
				CLANG_WARN_OBJC_ROOT_CLASS = YES_ERROR;
				CLANG_WARN_SUSPICIOUS_MOVE = YES;
				CLANG_WARN_UNREACHABLE_CODE = YES;
				CLANG_WARN__DUPLICATE_METHOD_MATCH = YES;
				"CODE_SIGN_IDENTITY[sdk=iphoneos*]" = "iPhone Developer";
				COPY_PHASE_STRIP = NO;
				DEBUG_INFORMATION_FORMAT = dwarf;
				ENABLE_STRICT_OBJC_MSGSEND = YES;
				ENABLE_TESTABILITY = YES;
				GCC_C_LANGUAGE_STANDARD = gnu99;
				GCC_DYNAMIC_NO_PIC = NO;
				GCC_NO_COMMON_BLOCKS = YES;
				GCC_OPTIMIZATION_LEVEL = 0;
				GCC_PREPROCESSOR_DEFINITIONS = (
					"DEBUG=1",
					"$(inherited)",
				);
				GCC_WARN_64_TO_32_BIT_CONVERSION = YES;
				GCC_WARN_ABOUT_RETURN_TYPE = YES_ERROR;
				GCC_WARN_UNDECLARED_SELECTOR = YES;
				GCC_WARN_UNINITIALIZED_AUTOS = YES_AGGRESSIVE;
				GCC_WARN_UNUSED_FUNCTION = YES;
				GCC_WARN_UNUSED_VARIABLE = YES;
				IPHONEOS_DEPLOYMENT_TARGET = 10.3;
				MTL_ENABLE_DEBUG_INFO = YES;
				ONLY_ACTIVE_ARCH = YES;
				SDKROOT = iphoneos;
				SWIFT_ACTIVE_COMPILATION_CONDITIONS = DEBUG;
				SWIFT_OPTIMIZATION_LEVEL = "-Onone";
				TARGETED_DEVICE_FAMILY = "1,2";
			};
			name = Debug;
		};
		FB2175CB1F6DD5B0005C4004 /* Release */ = {
			isa = XCBuildConfiguration;
			buildSettings = {
				ALWAYS_SEARCH_USER_PATHS = NO;
				CLANG_ANALYZER_NONNULL = YES;
				CLANG_ANALYZER_NUMBER_OBJECT_CONVERSION = YES_AGGRESSIVE;
				CLANG_CXX_LANGUAGE_STANDARD = "gnu++0x";
				CLANG_CXX_LIBRARY = "libc++";
				CLANG_ENABLE_MODULES = YES;
				CLANG_ENABLE_OBJC_ARC = YES;
				CLANG_WARN_BOOL_CONVERSION = YES;
				CLANG_WARN_CONSTANT_CONVERSION = YES;
				CLANG_WARN_DIRECT_OBJC_ISA_USAGE = YES_ERROR;
				CLANG_WARN_DOCUMENTATION_COMMENTS = YES;
				CLANG_WARN_EMPTY_BODY = YES;
				CLANG_WARN_ENUM_CONVERSION = YES;
				CLANG_WARN_INFINITE_RECURSION = YES;
				CLANG_WARN_INT_CONVERSION = YES;
				CLANG_WARN_OBJC_ROOT_CLASS = YES_ERROR;
				CLANG_WARN_SUSPICIOUS_MOVE = YES;
				CLANG_WARN_UNREACHABLE_CODE = YES;
				CLANG_WARN__DUPLICATE_METHOD_MATCH = YES;
				"CODE_SIGN_IDENTITY[sdk=iphoneos*]" = "iPhone Developer";
				COPY_PHASE_STRIP = NO;
				DEBUG_INFORMATION_FORMAT = "dwarf-with-dsym";
				ENABLE_NS_ASSERTIONS = NO;
				ENABLE_STRICT_OBJC_MSGSEND = YES;
				GCC_C_LANGUAGE_STANDARD = gnu99;
				GCC_NO_COMMON_BLOCKS = YES;
				GCC_WARN_64_TO_32_BIT_CONVERSION = YES;
				GCC_WARN_ABOUT_RETURN_TYPE = YES_ERROR;
				GCC_WARN_UNDECLARED_SELECTOR = YES;
				GCC_WARN_UNINITIALIZED_AUTOS = YES_AGGRESSIVE;
				GCC_WARN_UNUSED_FUNCTION = YES;
				GCC_WARN_UNUSED_VARIABLE = YES;
				IPHONEOS_DEPLOYMENT_TARGET = 10.3;
				MTL_ENABLE_DEBUG_INFO = NO;
				SDKROOT = iphoneos;
				SWIFT_OPTIMIZATION_LEVEL = "-Owholemodule";
				TARGETED_DEVICE_FAMILY = "1,2";
				VALIDATE_PRODUCT = YES;
			};
			name = Release;
		};
		FB2175CD1F6DD5B0005C4004 /* Debug */ = {
			isa = XCBuildConfiguration;
			baseConfigurationReference = C240DFE05F17D64F79A4200C /* Pods-StudyBuddy.debug.xcconfig */;
			buildSettings = {
				ASSETCATALOG_COMPILER_APPICON_NAME = AppIcon;
				DEVELOPMENT_TEAM = 87546R78Z2;
				INFOPLIST_FILE = StudyBuddy/Info.plist;
				LD_RUNPATH_SEARCH_PATHS = "$(inherited) @executable_path/Frameworks";
				PRODUCT_BUNDLE_IDENTIFIER = hack17.StudyBuddy;
				PRODUCT_NAME = "$(TARGET_NAME)";
				SWIFT_VERSION = 3.0;
			};
			name = Debug;
		};
		FB2175CE1F6DD5B0005C4004 /* Release */ = {
			isa = XCBuildConfiguration;
			baseConfigurationReference = FBE73B52A2164FD73F96DB18 /* Pods-StudyBuddy.release.xcconfig */;
			buildSettings = {
				ASSETCATALOG_COMPILER_APPICON_NAME = AppIcon;
				DEVELOPMENT_TEAM = 87546R78Z2;
				INFOPLIST_FILE = StudyBuddy/Info.plist;
				LD_RUNPATH_SEARCH_PATHS = "$(inherited) @executable_path/Frameworks";
				PRODUCT_BUNDLE_IDENTIFIER = hack17.StudyBuddy;
				PRODUCT_NAME = "$(TARGET_NAME)";
				SWIFT_VERSION = 3.0;
			};
			name = Release;
		};
		FB2175D01F6DD5B0005C4004 /* Debug */ = {
			isa = XCBuildConfiguration;
			baseConfigurationReference = AF596C758C422478E3EBA88D /* Pods-StudyBuddyTests.debug.xcconfig */;
			buildSettings = {
				ALWAYS_EMBED_SWIFT_STANDARD_LIBRARIES = YES;
				BUNDLE_LOADER = "$(TEST_HOST)";
				DEVELOPMENT_TEAM = 87546R78Z2;
				INFOPLIST_FILE = StudyBuddyTests/Info.plist;
				LD_RUNPATH_SEARCH_PATHS = "$(inherited) @executable_path/Frameworks @loader_path/Frameworks";
				PRODUCT_BUNDLE_IDENTIFIER = hack17.StudyBuddyTests;
				PRODUCT_NAME = "$(TARGET_NAME)";
				SWIFT_VERSION = 3.0;
				TEST_HOST = "$(BUILT_PRODUCTS_DIR)/StudyBuddy.app/StudyBuddy";
			};
			name = Debug;
		};
		FB2175D11F6DD5B0005C4004 /* Release */ = {
			isa = XCBuildConfiguration;
			baseConfigurationReference = D4494ED985E78E9ACE7078DE /* Pods-StudyBuddyTests.release.xcconfig */;
			buildSettings = {
				ALWAYS_EMBED_SWIFT_STANDARD_LIBRARIES = YES;
				BUNDLE_LOADER = "$(TEST_HOST)";
				DEVELOPMENT_TEAM = 87546R78Z2;
				INFOPLIST_FILE = StudyBuddyTests/Info.plist;
				LD_RUNPATH_SEARCH_PATHS = "$(inherited) @executable_path/Frameworks @loader_path/Frameworks";
				PRODUCT_BUNDLE_IDENTIFIER = hack17.StudyBuddyTests;
				PRODUCT_NAME = "$(TARGET_NAME)";
				SWIFT_VERSION = 3.0;
				TEST_HOST = "$(BUILT_PRODUCTS_DIR)/StudyBuddy.app/StudyBuddy";
			};
			name = Release;
		};
		FB2175D31F6DD5B0005C4004 /* Debug */ = {
			isa = XCBuildConfiguration;
			baseConfigurationReference = 77941D7CAB6665A252BA4774 /* Pods-StudyBuddyUITests.debug.xcconfig */;
			buildSettings = {
				ALWAYS_EMBED_SWIFT_STANDARD_LIBRARIES = YES;
				DEVELOPMENT_TEAM = 87546R78Z2;
				INFOPLIST_FILE = StudyBuddyUITests/Info.plist;
				LD_RUNPATH_SEARCH_PATHS = "$(inherited) @executable_path/Frameworks @loader_path/Frameworks";
				PRODUCT_BUNDLE_IDENTIFIER = hack17.StudyBuddyUITests;
				PRODUCT_NAME = "$(TARGET_NAME)";
				SWIFT_VERSION = 3.0;
				TEST_TARGET_NAME = StudyBuddy;
			};
			name = Debug;
		};
		FB2175D41F6DD5B0005C4004 /* Release */ = {
			isa = XCBuildConfiguration;
			baseConfigurationReference = B86B585AE2D95D506326F3AC /* Pods-StudyBuddyUITests.release.xcconfig */;
			buildSettings = {
				ALWAYS_EMBED_SWIFT_STANDARD_LIBRARIES = YES;
				DEVELOPMENT_TEAM = 87546R78Z2;
				INFOPLIST_FILE = StudyBuddyUITests/Info.plist;
				LD_RUNPATH_SEARCH_PATHS = "$(inherited) @executable_path/Frameworks @loader_path/Frameworks";
				PRODUCT_BUNDLE_IDENTIFIER = hack17.StudyBuddyUITests;
				PRODUCT_NAME = "$(TARGET_NAME)";
				SWIFT_VERSION = 3.0;
				TEST_TARGET_NAME = StudyBuddy;
			};
			name = Release;
		};
/* End XCBuildConfiguration section */

/* Begin XCConfigurationList section */
		FB21759F1F6DD5AF005C4004 /* Build configuration list for PBXProject "StudyBuddy" */ = {
			isa = XCConfigurationList;
			buildConfigurations = (
				FB2175CA1F6DD5B0005C4004 /* Debug */,
				FB2175CB1F6DD5B0005C4004 /* Release */,
			);
			defaultConfigurationIsVisible = 0;
			defaultConfigurationName = Release;
		};
		FB2175CC1F6DD5B0005C4004 /* Build configuration list for PBXNativeTarget "StudyBuddy" */ = {
			isa = XCConfigurationList;
			buildConfigurations = (
				FB2175CD1F6DD5B0005C4004 /* Debug */,
				FB2175CE1F6DD5B0005C4004 /* Release */,
			);
			defaultConfigurationIsVisible = 0;
			defaultConfigurationName = Release;
		};
		FB2175CF1F6DD5B0005C4004 /* Build configuration list for PBXNativeTarget "StudyBuddyTests" */ = {
			isa = XCConfigurationList;
			buildConfigurations = (
				FB2175D01F6DD5B0005C4004 /* Debug */,
				FB2175D11F6DD5B0005C4004 /* Release */,
			);
			defaultConfigurationIsVisible = 0;
			defaultConfigurationName = Release;
		};
		FB2175D21F6DD5B0005C4004 /* Build configuration list for PBXNativeTarget "StudyBuddyUITests" */ = {
			isa = XCConfigurationList;
			buildConfigurations = (
				FB2175D31F6DD5B0005C4004 /* Debug */,
				FB2175D41F6DD5B0005C4004 /* Release */,
			);
			defaultConfigurationIsVisible = 0;
			defaultConfigurationName = Release;
		};
/* End XCConfigurationList section */
	};
	rootObject = FB21759C1F6DD5AF005C4004 /* Project object */;
}
